
Microsoft Visual Studio Solution File, Format Version 12.00
# Visual Studio Version 17
VisualStudioVersion = 17.0.31903.59
MinimumVisualStudioVersion = 10.0.40219.1
Project("{FAE04EC0-301F-11D3-BF4B-00C04F79EFBC}") = "SimpleApp.ConsoleApp", "SimpleApp.ConsoleApp\SimpleApp.ConsoleApp.csproj", "{729F92BF-6DA3-4EE9-9389-58262FD5B05D}"
EndProject
Project("{FAE04EC0-301F-11D3-BF4B-00C04F79EFBC}") = "SimpleApp.Tests", "SimpleApp.Tests\SimpleApp.Tests.csproj", "{AEE9C5C2-05D1-44A8-86F4-FF47B82D7B5F}"
EndProject
Global
	GlobalSection(SolutionConfigurationPlatforms) = preSolution
		Debug|Any CPU = Debug|Any CPU
		Release|Any CPU = Release|Any CPU
	EndGlobalSection
	GlobalSection(SolutionProperties) = preSolution
		HideSolutionNode = FALSE
	EndGlobalSection
	GlobalSection(ProjectConfigurationPlatforms) = postSolution
		{729F92BF-6DA3-4EE9-9389-58262FD5B05D}.Debug|Any CPU.ActiveCfg = Debug|Any CPU
		{729F92BF-6DA3-4EE9-9389-58262FD5B05D}.Debug|Any CPU.Build.0 = Debug|Any CPU
		{729F92BF-6DA3-4EE9-9389-58262FD5B05D}.Release|Any CPU.ActiveCfg = Release|Any CPU
		{729F92BF-6DA3-4EE9-9389-58262FD5B05D}.Release|Any CPU.Build.0 = Release|Any CPU
		{AEE9C5C2-05D1-44A8-86F4-FF47B82D7B5F}.Debug|Any CPU.ActiveCfg = Debug|Any CPU
		{AEE9C5C2-05D1-44A8-86F4-FF47B82D7B5F}.Debug|Any CPU.Build.0 = Debug|Any CPU
		{AEE9C5C2-05D1-44A8-86F4-FF47B82D7B5F}.Release|Any CPU.ActiveCfg = Release|Any CPU
		{AEE9C5C2-05D1-44A8-86F4-FF47B82D7B5F}.Release|Any CPU.Build.0 = Release|Any CPU
	EndGlobalSection
EndGlobal
